
Microsoft Visual Studio Solution File, Format Version 12.00
# Visual Studio Version 17
VisualStudioVersion = 17.11.35219.272
MinimumVisualStudioVersion = 10.0.40219.1
Project("{FAE04EC0-301F-11D3-BF4B-00C04F79EFBC}") = "NZWalks.API", "NZWalksAPI\NZWalks.API.csproj", "{FB13A91F-1F11-45D9-A47D-AD0686196B4F}"
EndProject
Global
	GlobalSection(SolutionConfigurationPlatforms) = preSolution
		Debug|Any CPU = Debug|Any CPU
		Release|Any CPU = Release|Any CPU
	EndGlobalSection
	GlobalSection(ProjectConfigurationPlatforms) = postSolution
		{FB13A91F-1F11-45D9-A47D-AD0686196B4F}.Debug|Any CPU.ActiveCfg = Debug|Any CPU
		{FB13A91F-1F11-45D9-A47D-AD0686196B4F}.Debug|Any CPU.Build.0 = Debug|Any CPU
		{FB13A91F-1F11-45D9-A47D-AD0686196B4F}.Release|Any CPU.ActiveCfg = Release|Any CPU
		{FB13A91F-1F11-45D9-A47D-AD0686196B4F}.Release|Any CPU.Build.0 = Release|Any CPU
	EndGlobalSection
	GlobalSection(SolutionProperties) = preSolution
		HideSolutionNode = FALSE
	EndGlobalSection
	GlobalSection(ExtensibilityGlobals) = postSolution
		SolutionGuid = {60B34CA2-802D-43EC-A684-BFD993A69160}
	EndGlobalSection
EndGlobal
